// !$*UTF8*$!
{
	archiveVersion = 1;
	classes = {
	};
	objectVersion = 77;
	objects = {

/* Begin PBXBuildFile section */
		0DF114694BA3D04F9BEB7424 /* MopeliumTasksScreen.swift in Sources */ = {isa = PBXBuildFile; fileRef = BBB01C66B3863B0E6EE5936A /* MopeliumTasksScreen.swift */; };
		10AF139F6852F84227C31C76 /* MopeliumMockData.swift in Sources */ = {isa = PBXBuildFile; fileRef = E2752B85511BA9D8EA419687 /* MopeliumMockData.swift */; };
		12E9C25722E4A89901FE3980 /* MopeliumCore.framework in Embed Frameworks */ = {isa = PBXBuildFile; fileRef = 7BD0CE6853DE880D1014A17D /* MopeliumCore.framework */; settings = {ATTRIBUTES = (CodeSignOnCopy, RemoveHeadersOnCopy, ); }; };
		1B1E53A21E8236290B58486D /* CLIConfig.swift in Sources */ = {isa = PBXBuildFile; fileRef = 4FBC4A8D882D7905F941A693 /* CLIConfig.swift */; };
		1B2BF6D95C6CA97538D74353 /* ToolCallingTypes.swift in Sources */ = {isa = PBXBuildFile; fileRef = 4CF8DCC7064DFE664D0EC991 /* ToolCallingTypes.swift */; };
		1D0F81C2AC02664C88977350 /* ShellGit.swift in Sources */ = {isa = PBXBuildFile; fileRef = 7D8E9BB3672E82BC90DB538D /* ShellGit.swift */; };
		22B238E92F3D7D7EB519E356 /* BrowserTools.swift in Sources */ = {isa = PBXBuildFile; fileRef = 8745C86D5FFB48A2802E9DBE /* BrowserTools.swift */; };
		2604731B40E97A32A87196A2 /* MopeliumComponents.swift in Sources */ = {isa = PBXBuildFile; fileRef = 85110A016FD2D7833E7F0CE1 /* MopeliumComponents.swift */; };
		2AA45CE297D64CEC1C380BBB /* ChatTypes.swift in Sources */ = {isa = PBXBuildFile; fileRef = 7D9209C1813CE60805E6DCC3 /* ChatTypes.swift */; };
		2CE57888D92ADFEE88B8944E /* MopeliumSettingsScreen.swift in Sources */ = {isa = PBXBuildFile; fileRef = E80E8781C163E3C041252489 /* MopeliumSettingsScreen.swift */; };
		37BCC77CBD9A29A5C99647F5 /* MopeliumMacApp.swift in Sources */ = {isa = PBXBuildFile; fileRef = 4159E4A294DB4E31DC88B5E9 /* MopeliumMacApp.swift */; };
		4C2E514ED69912A5875E8F9E /* MopeliumTools.framework in Frameworks */ = {isa = PBXBuildFile; fileRef = DA9530C18FE99A00C60E8FD9 /* MopeliumTools.framework */; };
		510BF7853557A9D108DC0136 /* MopeliumTools.framework in Frameworks */ = {isa = PBXBuildFile; fileRef = DA9530C18FE99A00C60E8FD9 /* MopeliumTools.framework */; };
		57A3703876733D4D77BF59A2 /* MopeliumCore.framework in Frameworks */ = {isa = PBXBuildFile; fileRef = 7BD0CE6853DE880D1014A17D /* MopeliumCore.framework */; };
		63E2CA9AB85BFE87D05E96F1 /* MopeliumCore.framework in Frameworks */ = {isa = PBXBuildFile; fileRef = 7BD0CE6853DE880D1014A17D /* MopeliumCore.framework */; };
		7190CA1BD9222ADA1895606E /* MopeliumTools.framework in Embed Frameworks */ = {isa = PBXBuildFile; fileRef = DA9530C18FE99A00C60E8FD9 /* MopeliumTools.framework */; settings = {ATTRIBUTES = (CodeSignOnCopy, RemoveHeadersOnCopy, ); }; };
		747C77DAAB3B4F592E591BE7 /* MopeliumAgent.framework in Embed Frameworks */ = {isa = PBXBuildFile; fileRef = BFDD8AD7CC13B010C0CDBB1B /* MopeliumAgent.framework */; settings = {ATTRIBUTES = (CodeSignOnCopy, RemoveHeadersOnCopy, ); }; };
		7C05C9DE3B65538BC8735B57 /* MopeliumProviders.framework in Frameworks */ = {isa = PBXBuildFile; fileRef = 94377892A0BEB5EB8FEE7695 /* MopeliumProviders.framework */; };
		8895F332F09D3A5BB5973804 /* MopeliumAgent.framework in Frameworks */ = {isa = PBXBuildFile; fileRef = BFDD8AD7CC13B010C0CDBB1B /* MopeliumAgent.framework */; };
		8E3D10DBD644E83E787C1C15 /* DocumentMediaTools.swift in Sources */ = {isa = PBXBuildFile; fileRef = FDE65DD24CA0C737D88CECB0 /* DocumentMediaTools.swift */; };
		9362316740575BF4373AABAA /* PatchTool.swift in Sources */ = {isa = PBXBuildFile; fileRef = CCF2B56CAC8F51F1C2E0E51A /* PatchTool.swift */; };
		97705AF85983ED464F25BC36 /* MopeliumCore.framework in Frameworks */ = {isa = PBXBuildFile; fileRef = 7BD0CE6853DE880D1014A17D /* MopeliumCore.framework */; };
		A27DE93D42BCA55D57A40E67 /* MopeliumSourcesScreen.swift in Sources */ = {isa = PBXBuildFile; fileRef = D21DA3C8B65080142D6664E6 /* MopeliumSourcesScreen.swift */; };
		A36A8A5BA5AE4ED40A69B52D /* MopeliumProviders.framework in Frameworks */ = {isa = PBXBuildFile; fileRef = 94377892A0BEB5EB8FEE7695 /* MopeliumProviders.framework */; };
		A462E8C75A896E1C2FF14A43 /* SSEParser.swift in Sources */ = {isa = PBXBuildFile; fileRef = C07DFA757D0769400FD520EA /* SSEParser.swift */; };
		ADF3CCCE5DEEE048A9E083A3 /* MopeliumAgentLoop.swift in Sources */ = {isa = PBXBuildFile; fileRef = 573BE601CC6ABC34B6D402B2 /* MopeliumAgentLoop.swift */; };
		BAA4FD7B4AAFB7CDE418FE75 /* MopeliumMacRootView.swift in Sources */ = {isa = PBXBuildFile; fileRef = AD6860F6E827A38A42A962B5 /* MopeliumMacRootView.swift */; };
		C18BECB068D245B345E30F49 /* OpenAICompatibleToolCallingProvider.swift in Sources */ = {isa = PBXBuildFile; fileRef = 8F4C8F0DB4081AD17E094849 /* OpenAICompatibleToolCallingProvider.swift */; };
		CFDC43C9A8B72EB1EDFC045E /* OpenAICompatibleProvider.swift in Sources */ = {isa = PBXBuildFile; fileRef = A929EF64C883B855732B91EC /* OpenAICompatibleProvider.swift */; };
		CFF4D6349FE0103D7CF59A4F /* ToolSupport.swift in Sources */ = {isa = PBXBuildFile; fileRef = CC64D32978D44926944D446E /* ToolSupport.swift */; };
		D9886F93B1AFC88AB01F76A3 /* FileTools.swift in Sources */ = {isa = PBXBuildFile; fileRef = 7670F65C535B29233F1F6C35 /* FileTools.swift */; };
		DE67C91EF524AC22B5148501 /* MopeliumProviders.framework in Embed Frameworks */ = {isa = PBXBuildFile; fileRef = 94377892A0BEB5EB8FEE7695 /* MopeliumProviders.framework */; settings = {ATTRIBUTES = (CodeSignOnCopy, RemoveHeadersOnCopy, ); }; };
		DEACC40311C3310165BE8E04 /* MopeliumDesign.swift in Sources */ = {isa = PBXBuildFile; fileRef = 6AC9B53F03FED2B3C1621532 /* MopeliumDesign.swift */; };
		DF5267F2F3790C6EE3D13D84 /* MopeliumSidebar.swift in Sources */ = {isa = PBXBuildFile; fileRef = 748F606F4AAD19638E823FE2 /* MopeliumSidebar.swift */; };
		E1E30A97FEE47585647FA14B /* MopeliumResearchScreen.swift in Sources */ = {isa = PBXBuildFile; fileRef = 41554A9E4DC3715C3818B136 /* MopeliumResearchScreen.swift */; };
		E27AB308D0510B6655CD2D4F /* MopeliumProviders.framework in Frameworks */ = {isa = PBXBuildFile; fileRef = 94377892A0BEB5EB8FEE7695 /* MopeliumProviders.framework */; };
		E9AD861CC311FBD90315DCD0 /* MopeliumTools.framework in Frameworks */ = {isa = PBXBuildFile; fileRef = DA9530C18FE99A00C60E8FD9 /* MopeliumTools.framework */; };
		F356AC6E67117BF83C4433AB /* main.swift in Sources */ = {isa = PBXBuildFile; fileRef = 827AADC3EB77DD86C6FC4392 /* main.swift */; };
		F4ECE8410F8AAD1F7BCA7010 /* MopeliumError.swift in Sources */ = {isa = PBXBuildFile; fileRef = 7F8E258CE44FF3FAA8B82D9D /* MopeliumError.swift */; };
		F62874ADB2A88D585DC5A9C2 /* Terminal.swift in Sources */ = {isa = PBXBuildFile; fileRef = 5067463EE0D69628C25A9151 /* Terminal.swift */; };
		F8179CAC5ED98B8FEDE40B64 /* MopeliumAgent.framework in Frameworks */ = {isa = PBXBuildFile; fileRef = BFDD8AD7CC13B010C0CDBB1B /* MopeliumAgent.framework */; };
		F8EB360869333C8E8E3AA26F /* PathConfinement.swift in Sources */ = {isa = PBXBuildFile; fileRef = 5020521E7E6EF09E6E928D9A /* PathConfinement.swift */; };
		FBD9B51224E1C9FB4C29A4B9 /* MopeliumCore.framework in Frameworks */ = {isa = PBXBuildFile; fileRef = 7BD0CE6853DE880D1014A17D /* MopeliumCore.framework */; };
		FC713365C2D8E141BA4CE8DA /* ToolProtocol.swift in Sources */ = {isa = PBXBuildFile; fileRef = EF0ECFD41FEFD541ACA6EBFE /* ToolProtocol.swift */; };
/* End PBXBuildFile section */

/* Begin PBXContainerItemProxy section */
		12A50D6B52422C92C12A8F10 /* PBXContainerItemProxy */ = {
			isa = PBXContainerItemProxy;
			containerPortal = 9B25C0FD0AB46E6132DC036B /* Project object */;
			proxyType = 1;
			remoteGlobalIDString = E0777C7D1C82C321A91585DD;
			remoteInfo = MopeliumProviders;
		};
		27EDCD8C281F020A09DFE16C /* PBXContainerItemProxy */ = {
			isa = PBXContainerItemProxy;
			containerPortal = 9B25C0FD0AB46E6132DC036B /* Project object */;
			proxyType = 1;
			remoteGlobalIDString = 7D5ECAEE1585541713003A07;
			remoteInfo = MopeliumCore;
		};
		36E8D0F494034F92D8F14EA6 /* PBXContainerItemProxy */ = {
			isa = PBXContainerItemProxy;
			containerPortal = 9B25C0FD0AB46E6132DC036B /* Project object */;
			proxyType = 1;
			remoteGlobalIDString = 7D5ECAEE1585541713003A07;
			remoteInfo = MopeliumCore;
		};
		5007E06E2450F67A3FEAB32D /* PBXContainerItemProxy */ = {
			isa = PBXContainerItemProxy;
			containerPortal = 9B25C0FD0AB46E6132DC036B /* Project object */;
			proxyType = 1;
			remoteGlobalIDString = E0777C7D1C82C321A91585DD;
			remoteInfo = MopeliumProviders;
		};
		6F940BCC5CFB277F463C63DE /* PBXContainerItemProxy */ = {
			isa = PBXContainerItemProxy;
			containerPortal = 9B25C0FD0AB46E6132DC036B /* Project object */;
			proxyType = 1;
			remoteGlobalIDString = 03B386974DEEEC084EA4E298;
			remoteInfo = MopeliumAgent;
		};
		728E96DD416EE6959E71DC46 /* PBXContainerItemProxy */ = {
			isa = PBXContainerItemProxy;
			containerPortal = 9B25C0FD0AB46E6132DC036B /* Project object */;
			proxyType = 1;
			remoteGlobalIDString = FD4FAE7D109FBB59281FF4B4;
			remoteInfo = MopeliumTools;
		};
		7929EB3580DE7D973F2DEBE9 /* PBXContainerItemProxy */ = {
			isa = PBXContainerItemProxy;
			containerPortal = 9B25C0FD0AB46E6132DC036B /* Project object */;
			proxyType = 1;
			remoteGlobalIDString = FD4FAE7D109FBB59281FF4B4;
			remoteInfo = MopeliumTools;
		};
		97AA64CABF70FDC3CE2368D8 /* PBXContainerItemProxy */ = {
			isa = PBXContainerItemProxy;
			containerPortal = 9B25C0FD0AB46E6132DC036B /* Project object */;
			proxyType = 1;
			remoteGlobalIDString = E0777C7D1C82C321A91585DD;
			remoteInfo = MopeliumProviders;
		};
		98F0202991694E075D15B711 /* PBXContainerItemProxy */ = {
			isa = PBXContainerItemProxy;
			containerPortal = 9B25C0FD0AB46E6132DC036B /* Project object */;
			proxyType = 1;
			remoteGlobalIDString = FD4FAE7D109FBB59281FF4B4;
			remoteInfo = MopeliumTools;
		};
		B6D03BAE01E6CE0835E23466 /* PBXContainerItemProxy */ = {
			isa = PBXContainerItemProxy;
			containerPortal = 9B25C0FD0AB46E6132DC036B /* Project object */;
			proxyType = 1;
			remoteGlobalIDString = 03B386974DEEEC084EA4E298;
			remoteInfo = MopeliumAgent;
		};
		C3E3009D6A10F18BD42855E7 /* PBXContainerItemProxy */ = {
			isa = PBXContainerItemProxy;
			containerPortal = 9B25C0FD0AB46E6132DC036B /* Project object */;
			proxyType = 1;
			remoteGlobalIDString = 7D5ECAEE1585541713003A07;
			remoteInfo = MopeliumCore;
		};
		D61C545CC99A640FF1D81B64 /* PBXContainerItemProxy */ = {
			isa = PBXContainerItemProxy;
			containerPortal = 9B25C0FD0AB46E6132DC036B /* Project object */;
			proxyType = 1;
			remoteGlobalIDString = 7D5ECAEE1585541713003A07;
			remoteInfo = MopeliumCore;
		};
/* End PBXContainerItemProxy section */

/* Begin PBXCopyFilesBuildPhase section */
		4FB81565449D1CC42E25285C /* Embed Frameworks */ = {
			isa = PBXCopyFilesBuildPhase;
			buildActionMask = 2147483647;
			dstPath = "";
			dstSubfolderSpec = 10;
			files = (
				12E9C25722E4A89901FE3980 /* MopeliumCore.framework in Embed Frameworks */,
				DE67C91EF524AC22B5148501 /* MopeliumProviders.framework in Embed Frameworks */,
				7190CA1BD9222ADA1895606E /* MopeliumTools.framework in Embed Frameworks */,
				747C77DAAB3B4F592E591BE7 /* MopeliumAgent.framework in Embed Frameworks */,
			);
			name = "Embed Frameworks";
			runOnlyForDeploymentPostprocessing = 0;
		};
/* End PBXCopyFilesBuildPhase section */

/* Begin PBXFileReference section */
		41554A9E4DC3715C3818B136 /* MopeliumResearchScreen.swift */ = {isa = PBXFileReference; lastKnownFileType = sourcecode.swift; path = MopeliumResearchScreen.swift; sourceTree = "<group>"; };
		4159E4A294DB4E31DC88B5E9 /* MopeliumMacApp.swift */ = {isa = PBXFileReference; lastKnownFileType = sourcecode.swift; path = MopeliumMacApp.swift; sourceTree = "<group>"; };
		4CF8DCC7064DFE664D0EC991 /* ToolCallingTypes.swift */ = {isa = PBXFileReference; lastKnownFileType = sourcecode.swift; path = ToolCallingTypes.swift; sourceTree = "<group>"; };
		4FBC4A8D882D7905F941A693 /* CLIConfig.swift */ = {isa = PBXFileReference; lastKnownFileType = sourcecode.swift; path = CLIConfig.swift; sourceTree = "<group>"; };
		5020521E7E6EF09E6E928D9A /* PathConfinement.swift */ = {isa = PBXFileReference; lastKnownFileType = sourcecode.swift; path = PathConfinement.swift; sourceTree = "<group>"; };
		5067463EE0D69628C25A9151 /* Terminal.swift */ = {isa = PBXFileReference; lastKnownFileType = sourcecode.swift; path = Terminal.swift; sourceTree = "<group>"; };
		573BE601CC6ABC34B6D402B2 /* MopeliumAgentLoop.swift */ = {isa = PBXFileReference; lastKnownFileType = sourcecode.swift; path = MopeliumAgentLoop.swift; sourceTree = "<group>"; };
		6AC9B53F03FED2B3C1621532 /* MopeliumDesign.swift */ = {isa = PBXFileReference; lastKnownFileType = sourcecode.swift; path = MopeliumDesign.swift; sourceTree = "<group>"; };
		748F606F4AAD19638E823FE2 /* MopeliumSidebar.swift */ = {isa = PBXFileReference; lastKnownFileType = sourcecode.swift; path = MopeliumSidebar.swift; sourceTree = "<group>"; };
		7670F65C535B29233F1F6C35 /* FileTools.swift */ = {isa = PBXFileReference; lastKnownFileType = sourcecode.swift; path = FileTools.swift; sourceTree = "<group>"; };
		7BD0CE6853DE880D1014A17D /* MopeliumCore.framework */ = {isa = PBXFileReference; explicitFileType = wrapper.framework; includeInIndex = 0; path = MopeliumCore.framework; sourceTree = BUILT_PRODUCTS_DIR; };
		7D8E9BB3672E82BC90DB538D /* ShellGit.swift */ = {isa = PBXFileReference; lastKnownFileType = sourcecode.swift; path = ShellGit.swift; sourceTree = "<group>"; };
		7D9209C1813CE60805E6DCC3 /* ChatTypes.swift */ = {isa = PBXFileReference; lastKnownFileType = sourcecode.swift; path = ChatTypes.swift; sourceTree = "<group>"; };
		7F8E258CE44FF3FAA8B82D9D /* MopeliumError.swift */ = {isa = PBXFileReference; lastKnownFileType = sourcecode.swift; path = MopeliumError.swift; sourceTree = "<group>"; };
		827AADC3EB77DD86C6FC4392 /* main.swift */ = {isa = PBXFileReference; lastKnownFileType = sourcecode.swift; path = main.swift; sourceTree = "<group>"; };
		85110A016FD2D7833E7F0CE1 /* MopeliumComponents.swift */ = {isa = PBXFileReference; lastKnownFileType = sourcecode.swift; path = MopeliumComponents.swift; sourceTree = "<group>"; };
		8745C86D5FFB48A2802E9DBE /* BrowserTools.swift */ = {isa = PBXFileReference; lastKnownFileType = sourcecode.swift; path = BrowserTools.swift; sourceTree = "<group>"; };
		8F4C8F0DB4081AD17E094849 /* OpenAICompatibleToolCallingProvider.swift */ = {isa = PBXFileReference; lastKnownFileType = sourcecode.swift; path = OpenAICompatibleToolCallingProvider.swift; sourceTree = "<group>"; };
		94377892A0BEB5EB8FEE7695 /* MopeliumProviders.framework */ = {isa = PBXFileReference; explicitFileType = wrapper.framework; includeInIndex = 0; path = MopeliumProviders.framework; sourceTree = BUILT_PRODUCTS_DIR; };
		A929EF64C883B855732B91EC /* OpenAICompatibleProvider.swift */ = {isa = PBXFileReference; lastKnownFileType = sourcecode.swift; path = OpenAICompatibleProvider.swift; sourceTree = "<group>"; };
		AD6860F6E827A38A42A962B5 /* MopeliumMacRootView.swift */ = {isa = PBXFileReference; lastKnownFileType = sourcecode.swift; path = MopeliumMacRootView.swift; sourceTree = "<group>"; };
		BBB01C66B3863B0E6EE5936A /* MopeliumTasksScreen.swift */ = {isa = PBXFileReference; lastKnownFileType = sourcecode.swift; path = MopeliumTasksScreen.swift; sourceTree = "<group>"; };
		BFDD8AD7CC13B010C0CDBB1B /* MopeliumAgent.framework */ = {isa = PBXFileReference; explicitFileType = wrapper.framework; includeInIndex = 0; path = MopeliumAgent.framework; sourceTree = BUILT_PRODUCTS_DIR; };
		C07DFA757D0769400FD520EA /* SSEParser.swift */ = {isa = PBXFileReference; lastKnownFileType = sourcecode.swift; path = SSEParser.swift; sourceTree = "<group>"; };
		CC64D32978D44926944D446E /* ToolSupport.swift */ = {isa = PBXFileReference; lastKnownFileType = sourcecode.swift; path = ToolSupport.swift; sourceTree = "<group>"; };
		CC8F23381E14E48FC55135A0 /* mopelium */ = {isa = PBXFileReference; includeInIndex = 0; path = mopelium; sourceTree = BUILT_PRODUCTS_DIR; };
		CCF2B56CAC8F51F1C2E0E51A /* PatchTool.swift */ = {isa = PBXFileReference; lastKnownFileType = sourcecode.swift; path = PatchTool.swift; sourceTree = "<group>"; };
		D21DA3C8B65080142D6664E6 /* MopeliumSourcesScreen.swift */ = {isa = PBXFileReference; lastKnownFileType = sourcecode.swift; path = MopeliumSourcesScreen.swift; sourceTree = "<group>"; };
		D39BB9AF75966BBB7DB91F2F /* MopeliumMac.app */ = {isa = PBXFileReference; explicitFileType = wrapper.application; includeInIndex = 0; path = MopeliumMac.app; sourceTree = BUILT_PRODUCTS_DIR; };
		DA9530C18FE99A00C60E8FD9 /* MopeliumTools.framework */ = {isa = PBXFileReference; explicitFileType = wrapper.framework; includeInIndex = 0; path = MopeliumTools.framework; sourceTree = BUILT_PRODUCTS_DIR; };
		E2752B85511BA9D8EA419687 /* MopeliumMockData.swift */ = {isa = PBXFileReference; lastKnownFileType = sourcecode.swift; path = MopeliumMockData.swift; sourceTree = "<group>"; };
		E80E8781C163E3C041252489 /* MopeliumSettingsScreen.swift */ = {isa = PBXFileReference; lastKnownFileType = sourcecode.swift; path = MopeliumSettingsScreen.swift; sourceTree = "<group>"; };
		EF0ECFD41FEFD541ACA6EBFE /* ToolProtocol.swift */ = {isa = PBXFileReference; lastKnownFileType = sourcecode.swift; path = ToolProtocol.swift; sourceTree = "<group>"; };
		FDE65DD24CA0C737D88CECB0 /* DocumentMediaTools.swift */ = {isa = PBXFileReference; lastKnownFileType = sourcecode.swift; path = DocumentMediaTools.swift; sourceTree = "<group>"; };
/* End PBXFileReference section */

/* Begin PBXFrameworksBuildPhase section */
		339A1C7FD98083028E2567D5 /* Frameworks */ = {
			isa = PBXFrameworksBuildPhase;
			buildActionMask = 2147483647;
			files = (
				97705AF85983ED464F25BC36 /* MopeliumCore.framework in Frameworks */,
				7C05C9DE3B65538BC8735B57 /* MopeliumProviders.framework in Frameworks */,
				E9AD861CC311FBD90315DCD0 /* MopeliumTools.framework in Frameworks */,
				8895F332F09D3A5BB5973804 /* MopeliumAgent.framework in Frameworks */,
			);
			runOnlyForDeploymentPostprocessing = 0;
		};
		B55951962FE80F57D6C7C64F /* Frameworks */ = {
			isa = PBXFrameworksBuildPhase;
			buildActionMask = 2147483647;
			files = (
				FBD9B51224E1C9FB4C29A4B9 /* MopeliumCore.framework in Frameworks */,
				E27AB308D0510B6655CD2D4F /* MopeliumProviders.framework in Frameworks */,
				4C2E514ED69912A5875E8F9E /* MopeliumTools.framework in Frameworks */,
				F8179CAC5ED98B8FEDE40B64 /* MopeliumAgent.framework in Frameworks */,
			);
			runOnlyForDeploymentPostprocessing = 0;
		};
		C8F24D77A3AEBDC1FB8C1CF1 /* Frameworks */ = {
			isa = PBXFrameworksBuildPhase;
			buildActionMask = 2147483647;
			files = (
				57A3703876733D4D77BF59A2 /* MopeliumCore.framework in Frameworks */,
			);
			runOnlyForDeploymentPostprocessing = 0;
		};
		F57D083EC1A5509C715D1837 /* Frameworks */ = {
			isa = PBXFrameworksBuildPhase;
			buildActionMask = 2147483647;
			files = (
				63E2CA9AB85BFE87D05E96F1 /* MopeliumCore.framework in Frameworks */,
				A36A8A5BA5AE4ED40A69B52D /* MopeliumProviders.framework in Frameworks */,
				510BF7853557A9D108DC0136 /* MopeliumTools.framework in Frameworks */,
			);
			runOnlyForDeploymentPostprocessing = 0;
		};
/* End PBXFrameworksBuildPhase section */

/* Begin PBXGroup section */
		1E061B8331A70CA287ADC81B /* Sources */ = {
			isa = PBXGroup;
			children = (
				4FBC4A8D882D7905F941A693 /* CLIConfig.swift */,
				7F8E258CE44FF3FAA8B82D9D /* MopeliumError.swift */,
				5067463EE0D69628C25A9151 /* Terminal.swift */,
			);
			path = Sources;
			sourceTree = "<group>";
		};
		227B4C7EF14E47D2A88E32B8 /* MopeliumCore */ = {
			isa = PBXGroup;
			children = (
				1E061B8331A70CA287ADC81B /* Sources */,
			);
			path = MopeliumCore;
			sourceTree = "<group>";
		};
		257FF2BA60AD93C0FD5693E9 /* Packages */ = {
			isa = PBXGroup;
			children = (
				69FCEAAF24B6A6468987DE43 /* MopeliumAgent */,
				227B4C7EF14E47D2A88E32B8 /* MopeliumCore */,
				471F70114919F33837D189DA /* MopeliumProviders */,
				A2AC8B82FC370EDDBE3C0E2B /* MopeliumTools */,
			);
			path = Packages;
			sourceTree = "<group>";
		};
		330FA36CFA35F678F42BD6B7 = {
			isa = PBXGroup;
			children = (
				484262032AE6228DDEB597F9 /* Apps */,
				257FF2BA60AD93C0FD5693E9 /* Packages */,
				4A6F0D9E584293A2ACC1C229 /* Products */,
			);
			sourceTree = "<group>";
		};
		471F70114919F33837D189DA /* MopeliumProviders */ = {
			isa = PBXGroup;
			children = (
				F4CB85DC571DCCE3ECAA7B93 /* Sources */,
			);
			path = MopeliumProviders;
			sourceTree = "<group>";
		};
		484262032AE6228DDEB597F9 /* Apps */ = {
			isa = PBXGroup;
			children = (
				EE7F49109A529211B8150396 /* mopelium-cli */,
				560D9714B0562E88F4B2881A /* MopeliumMac */,
			);
			path = Apps;
			sourceTree = "<group>";
		};
		4A6F0D9E584293A2ACC1C229 /* Products */ = {
			isa = PBXGroup;
			children = (
				CC8F23381E14E48FC55135A0 /* mopelium */,
				BFDD8AD7CC13B010C0CDBB1B /* MopeliumAgent.framework */,
				7BD0CE6853DE880D1014A17D /* MopeliumCore.framework */,
				D39BB9AF75966BBB7DB91F2F /* MopeliumMac.app */,
				94377892A0BEB5EB8FEE7695 /* MopeliumProviders.framework */,
				DA9530C18FE99A00C60E8FD9 /* MopeliumTools.framework */,
			);
			name = Products;
			sourceTree = "<group>";
		};
		560D9714B0562E88F4B2881A /* MopeliumMac */ = {
			isa = PBXGroup;
			children = (
				FB5F1986A7EB579C3920FB4D /* Sources */,
			);
			path = MopeliumMac;
			sourceTree = "<group>";
		};
		69FCEAAF24B6A6468987DE43 /* MopeliumAgent */ = {
			isa = PBXGroup;
			children = (
				C6BD5DBBD39E5647652D15CB /* Sources */,
			);
			path = MopeliumAgent;
			sourceTree = "<group>";
		};
		A2AC8B82FC370EDDBE3C0E2B /* MopeliumTools */ = {
			isa = PBXGroup;
			children = (
				D9DAA7F58ECB03F308858CD1 /* Sources */,
			);
			path = MopeliumTools;
			sourceTree = "<group>";
		};
		C6BD5DBBD39E5647652D15CB /* Sources */ = {
			isa = PBXGroup;
			children = (
				573BE601CC6ABC34B6D402B2 /* MopeliumAgentLoop.swift */,
				8F4C8F0DB4081AD17E094849 /* OpenAICompatibleToolCallingProvider.swift */,
			);
			path = Sources;
			sourceTree = "<group>";
		};
		D9DAA7F58ECB03F308858CD1 /* Sources */ = {
			isa = PBXGroup;
			children = (
				8745C86D5FFB48A2802E9DBE /* BrowserTools.swift */,
				FDE65DD24CA0C737D88CECB0 /* DocumentMediaTools.swift */,
				7670F65C535B29233F1F6C35 /* FileTools.swift */,
				CCF2B56CAC8F51F1C2E0E51A /* PatchTool.swift */,
				5020521E7E6EF09E6E928D9A /* PathConfinement.swift */,
				7D8E9BB3672E82BC90DB538D /* ShellGit.swift */,
				EF0ECFD41FEFD541ACA6EBFE /* ToolProtocol.swift */,
				CC64D32978D44926944D446E /* ToolSupport.swift */,
			);
			path = Sources;
			sourceTree = "<group>";
		};
		E44B5421EE74EAD1201838A3 /* Sources */ = {
			isa = PBXGroup;
			children = (
				827AADC3EB77DD86C6FC4392 /* main.swift */,
			);
			path = Sources;
			sourceTree = "<group>";
		};
		EE7F49109A529211B8150396 /* mopelium-cli */ = {
			isa = PBXGroup;
			children = (
				E44B5421EE74EAD1201838A3 /* Sources */,
			);
			path = "mopelium-cli";
			sourceTree = "<group>";
		};
		F4CB85DC571DCCE3ECAA7B93 /* Sources */ = {
			isa = PBXGroup;
			children = (
				7D9209C1813CE60805E6DCC3 /* ChatTypes.swift */,
				A929EF64C883B855732B91EC /* OpenAICompatibleProvider.swift */,
				C07DFA757D0769400FD520EA /* SSEParser.swift */,
				4CF8DCC7064DFE664D0EC991 /* ToolCallingTypes.swift */,
			);
			path = Sources;
			sourceTree = "<group>";
		};
		FB5F1986A7EB579C3920FB4D /* Sources */ = {
			isa = PBXGroup;
			children = (
				85110A016FD2D7833E7F0CE1 /* MopeliumComponents.swift */,
				6AC9B53F03FED2B3C1621532 /* MopeliumDesign.swift */,
				4159E4A294DB4E31DC88B5E9 /* MopeliumMacApp.swift */,
				AD6860F6E827A38A42A962B5 /* MopeliumMacRootView.swift */,
				E2752B85511BA9D8EA419687 /* MopeliumMockData.swift */,
				41554A9E4DC3715C3818B136 /* MopeliumResearchScreen.swift */,
				E80E8781C163E3C041252489 /* MopeliumSettingsScreen.swift */,
				748F606F4AAD19638E823FE2 /* MopeliumSidebar.swift */,
				D21DA3C8B65080142D6664E6 /* MopeliumSourcesScreen.swift */,
				BBB01C66B3863B0E6EE5936A /* MopeliumTasksScreen.swift */,
			);
			path = Sources;
			sourceTree = "<group>";
		};
/* End PBXGroup section */

/* Begin PBXNativeTarget section */
		03B386974DEEEC084EA4E298 /* MopeliumAgent */ = {
			isa = PBXNativeTarget;
			buildConfigurationList = 419F8B54A775AF912FF03DCA /* Build configuration list for PBXNativeTarget "MopeliumAgent" */;
			buildPhases = (
				F0309852FFF15B802F0AE6F7 /* Sources */,
				F57D083EC1A5509C715D1837 /* Frameworks */,
			);
			buildRules = (
			);
			dependencies = (
				6C8B0F71C75E71BB293D0BFA /* PBXTargetDependency */,
				CE72FF81B2D91A1F37B59DCC /* PBXTargetDependency */,
				535C15BADC2785D3626EF3D8 /* PBXTargetDependency */,
			);
			name = MopeliumAgent;
			packageProductDependencies = (
			);
			productName = MopeliumAgent;
			productReference = BFDD8AD7CC13B010C0CDBB1B /* MopeliumAgent.framework */;
			productType = "com.apple.product-type.framework";
		};
		392527716FDBB1EF234D918D /* mopelium */ = {
			isa = PBXNativeTarget;
			buildConfigurationList = 89BE80E64CE7EFC8B69DF3CD /* Build configuration list for PBXNativeTarget "mopelium" */;
			buildPhases = (
				4C548B726E5E16351D56013A /* Sources */,
				B55951962FE80F57D6C7C64F /* Frameworks */,
			);
			buildRules = (
			);
			dependencies = (
				ADC5C953E4B534C9D9D989AD /* PBXTargetDependency */,
				3FED56A764B7ECA2E59D1534 /* PBXTargetDependency */,
				676CD47FCED6C2FE9F5579F8 /* PBXTargetDependency */,
				FC267821CA79E677CDDBE5FB /* PBXTargetDependency */,
			);
			name = mopelium;
			packageProductDependencies = (
			);
			productName = mopelium;
			productReference = CC8F23381E14E48FC55135A0 /* mopelium */;
			productType = "com.apple.product-type.tool";
		};
		5C630EF813592A5124C78013 /* MopeliumMac */ = {
			isa = PBXNativeTarget;
			buildConfigurationList = 2C5FDFBFB17522754A052C51 /* Build configuration list for PBXNativeTarget "MopeliumMac" */;
			buildPhases = (
				3E948B70EA160A703E0F5F36 /* Sources */,
				339A1C7FD98083028E2567D5 /* Frameworks */,
				4FB81565449D1CC42E25285C /* Embed Frameworks */,
			);
			buildRules = (
			);
			dependencies = (
				A137E12F049BA80EB728D29B /* PBXTargetDependency */,
				21781B342315F0E148D547ED /* PBXTargetDependency */,
				5C12A4820C8285F4FE1BE58D /* PBXTargetDependency */,
				FDD042CDD0A7494AD2D3B5DB /* PBXTargetDependency */,
			);
			name = MopeliumMac;
			packageProductDependencies = (
			);
			productName = MopeliumMac;
			productReference = D39BB9AF75966BBB7DB91F2F /* MopeliumMac.app */;
			productType = "com.apple.product-type.application";
		};
		7D5ECAEE1585541713003A07 /* MopeliumCore */ = {
			isa = PBXNativeTarget;
			buildConfigurationList = C73FF6B9F60746E068135616 /* Build configuration list for PBXNativeTarget "MopeliumCore" */;
			buildPhases = (
				7EAE4A1B3C5F789D3DA612B1 /* Sources */,
			);
			buildRules = (
			);
			dependencies = (
			);
			name = MopeliumCore;
			packageProductDependencies = (
			);
			productName = MopeliumCore;
			productReference = 7BD0CE6853DE880D1014A17D /* MopeliumCore.framework */;
			productType = "com.apple.product-type.framework";
		};
		E0777C7D1C82C321A91585DD /* MopeliumProviders */ = {
			isa = PBXNativeTarget;
			buildConfigurationList = 23519CDA3B90D660C2EA3448 /* Build configuration list for PBXNativeTarget "MopeliumProviders" */;
			buildPhases = (
				3B4E5C59C1F53EE4C00B0D32 /* Sources */,
				C8F24D77A3AEBDC1FB8C1CF1 /* Frameworks */,
			);
			buildRules = (
			);
			dependencies = (
				2B62AD021E52B49287492696 /* PBXTargetDependency */,
			);
			name = MopeliumProviders;
			packageProductDependencies = (
			);
			productName = MopeliumProviders;
			productReference = 94377892A0BEB5EB8FEE7695 /* MopeliumProviders.framework */;
			productType = "com.apple.product-type.framework";
		};
		FD4FAE7D109FBB59281FF4B4 /* MopeliumTools */ = {
			isa = PBXNativeTarget;
			buildConfigurationList = B9D8D76698BDF49B073AFD3B /* Build configuration list for PBXNativeTarget "MopeliumTools" */;
			buildPhases = (
				ED2519432DCCCDAB6FC43A6C /* Sources */,
			);
			buildRules = (
			);
			dependencies = (
			);
			name = MopeliumTools;
			packageProductDependencies = (
			);
			productName = MopeliumTools;
			productReference = DA9530C18FE99A00C60E8FD9 /* MopeliumTools.framework */;
			productType = "com.apple.product-type.framework";
		};
/* End PBXNativeTarget section */

/* Begin PBXProject section */
		9B25C0FD0AB46E6132DC036B /* Project object */ = {
			isa = PBXProject;
			attributes = {
				BuildIndependentTargetsInParallel = YES;
				LastUpgradeCheck = 1430;
				TargetAttributes = {
					03B386974DEEEC084EA4E298 = {
						DevelopmentTeam = "";
						ProvisioningStyle = Automatic;
					};
					392527716FDBB1EF234D918D = {
						DevelopmentTeam = "";
						ProvisioningStyle = Automatic;
					};
					5C630EF813592A5124C78013 = {
						DevelopmentTeam = "";
						ProvisioningStyle = Automatic;
					};
					7D5ECAEE1585541713003A07 = {
						DevelopmentTeam = "";
						ProvisioningStyle = Automatic;
					};
					E0777C7D1C82C321A91585DD = {
						DevelopmentTeam = "";
						ProvisioningStyle = Automatic;
					};
					FD4FAE7D109FBB59281FF4B4 = {
						DevelopmentTeam = "";
						ProvisioningStyle = Automatic;
					};
				};
			};
			buildConfigurationList = 5D7DA4ED04398B774794E728 /* Build configuration list for PBXProject "Mopelium" */;
			developmentRegion = en;
			hasScannedForEncodings = 0;
			knownRegions = (
				Base,
				en,
			);
			mainGroup = 330FA36CFA35F678F42BD6B7;
			minimizedProjectReferenceProxies = 1;
			preferredProjectObjectVersion = 77;
			productRefGroup = 4A6F0D9E584293A2ACC1C229 /* Products */;
			projectDirPath = "";
			projectRoot = "";
			targets = (
				03B386974DEEEC084EA4E298 /* MopeliumAgent */,
				7D5ECAEE1585541713003A07 /* MopeliumCore */,
				5C630EF813592A5124C78013 /* MopeliumMac */,
				E0777C7D1C82C321A91585DD /* MopeliumProviders */,
				FD4FAE7D109FBB59281FF4B4 /* MopeliumTools */,
				392527716FDBB1EF234D918D /* mopelium */,
			);
		};
/* End PBXProject section */

/* Begin PBXSourcesBuildPhase section */
		3B4E5C59C1F53EE4C00B0D32 /* Sources */ = {
			isa = PBXSourcesBuildPhase;
			buildActionMask = 2147483647;
			files = (
				2AA45CE297D64CEC1C380BBB /* ChatTypes.swift in Sources */,
				CFDC43C9A8B72EB1EDFC045E /* OpenAICompatibleProvider.swift in Sources */,
				A462E8C75A896E1C2FF14A43 /* SSEParser.swift in Sources */,
				1B2BF6D95C6CA97538D74353 /* ToolCallingTypes.swift in Sources */,
			);
			runOnlyForDeploymentPostprocessing = 0;
		};
		3E948B70EA160A703E0F5F36 /* Sources */ = {
			isa = PBXSourcesBuildPhase;
			buildActionMask = 2147483647;
			files = (
				2604731B40E97A32A87196A2 /* MopeliumComponents.swift in Sources */,
				DEACC40311C3310165BE8E04 /* MopeliumDesign.swift in Sources */,
				37BCC77CBD9A29A5C99647F5 /* MopeliumMacApp.swift in Sources */,
				BAA4FD7B4AAFB7CDE418FE75 /* MopeliumMacRootView.swift in Sources */,
				10AF139F6852F84227C31C76 /* MopeliumMockData.swift in Sources */,
				E1E30A97FEE47585647FA14B /* MopeliumResearchScreen.swift in Sources */,
				2CE57888D92ADFEE88B8944E /* MopeliumSettingsScreen.swift in Sources */,
				DF5267F2F3790C6EE3D13D84 /* MopeliumSidebar.swift in Sources */,
				A27DE93D42BCA55D57A40E67 /* MopeliumSourcesScreen.swift in Sources */,
				0DF114694BA3D04F9BEB7424 /* MopeliumTasksScreen.swift in Sources */,
			);
			runOnlyForDeploymentPostprocessing = 0;
		};
		4C548B726E5E16351D56013A /* Sources */ = {
			isa = PBXSourcesBuildPhase;
			buildActionMask = 2147483647;
			files = (
				F356AC6E67117BF83C4433AB /* main.swift in Sources */,
			);
			runOnlyForDeploymentPostprocessing = 0;
		};
		7EAE4A1B3C5F789D3DA612B1 /* Sources */ = {
			isa = PBXSourcesBuildPhase;
			buildActionMask = 2147483647;
			files = (
				1B1E53A21E8236290B58486D /* CLIConfig.swift in Sources */,
				F4ECE8410F8AAD1F7BCA7010 /* MopeliumError.swift in Sources */,
				F62874ADB2A88D585DC5A9C2 /* Terminal.swift in Sources */,
			);
			runOnlyForDeploymentPostprocessing = 0;
		};
		ED2519432DCCCDAB6FC43A6C /* Sources */ = {
			isa = PBXSourcesBuildPhase;
			buildActionMask = 2147483647;
			files = (
				22B238E92F3D7D7EB519E356 /* BrowserTools.swift in Sources */,
				8E3D10DBD644E83E787C1C15 /* DocumentMediaTools.swift in Sources */,
				D9886F93B1AFC88AB01F76A3 /* FileTools.swift in Sources */,
				9362316740575BF4373AABAA /* PatchTool.swift in Sources */,
				F8EB360869333C8E8E3AA26F /* PathConfinement.swift in Sources */,
				1D0F81C2AC02664C88977350 /* ShellGit.swift in Sources */,
				FC713365C2D8E141BA4CE8DA /* ToolProtocol.swift in Sources */,
				CFF4D6349FE0103D7CF59A4F /* ToolSupport.swift in Sources */,
			);
			runOnlyForDeploymentPostprocessing = 0;
		};
		F0309852FFF15B802F0AE6F7 /* Sources */ = {
			isa = PBXSourcesBuildPhase;
			buildActionMask = 2147483647;
			files = (
				ADF3CCCE5DEEE048A9E083A3 /* MopeliumAgentLoop.swift in Sources */,
				C18BECB068D245B345E30F49 /* OpenAICompatibleToolCallingProvider.swift in Sources */,
			);
			runOnlyForDeploymentPostprocessing = 0;
		};
/* End PBXSourcesBuildPhase section */

/* Begin PBXTargetDependency section */
		21781B342315F0E148D547ED /* PBXTargetDependency */ = {
			isa = PBXTargetDependency;
			target = E0777C7D1C82C321A91585DD /* MopeliumProviders */;
			targetProxy = 5007E06E2450F67A3FEAB32D /* PBXContainerItemProxy */;
		};
		2B62AD021E52B49287492696 /* PBXTargetDependency */ = {
			isa = PBXTargetDependency;
			target = 7D5ECAEE1585541713003A07 /* MopeliumCore */;
			targetProxy = C3E3009D6A10F18BD42855E7 /* PBXContainerItemProxy */;
		};
		3FED56A764B7ECA2E59D1534 /* PBXTargetDependency */ = {
			isa = PBXTargetDependency;
			target = E0777C7D1C82C321A91585DD /* MopeliumProviders */;
			targetProxy = 97AA64CABF70FDC3CE2368D8 /* PBXContainerItemProxy */;
		};
		535C15BADC2785D3626EF3D8 /* PBXTargetDependency */ = {
			isa = PBXTargetDependency;
			target = FD4FAE7D109FBB59281FF4B4 /* MopeliumTools */;
			targetProxy = 728E96DD416EE6959E71DC46 /* PBXContainerItemProxy */;
		};
		5C12A4820C8285F4FE1BE58D /* PBXTargetDependency */ = {
			isa = PBXTargetDependency;
			target = FD4FAE7D109FBB59281FF4B4 /* MopeliumTools */;
			targetProxy = 7929EB3580DE7D973F2DEBE9 /* PBXContainerItemProxy */;
		};
		676CD47FCED6C2FE9F5579F8 /* PBXTargetDependency */ = {
			isa = PBXTargetDependency;
			target = FD4FAE7D109FBB59281FF4B4 /* MopeliumTools */;
			targetProxy = 98F0202991694E075D15B711 /* PBXContainerItemProxy */;
		};
		6C8B0F71C75E71BB293D0BFA /* PBXTargetDependency */ = {
			isa = PBXTargetDependency;
			target = 7D5ECAEE1585541713003A07 /* MopeliumCore */;
			targetProxy = D61C545CC99A640FF1D81B64 /* PBXContainerItemProxy */;
		};
		A137E12F049BA80EB728D29B /* PBXTargetDependency */ = {
			isa = PBXTargetDependency;
			target = 7D5ECAEE1585541713003A07 /* MopeliumCore */;
			targetProxy = 27EDCD8C281F020A09DFE16C /* PBXContainerItemProxy */;
		};
		ADC5C953E4B534C9D9D989AD /* PBXTargetDependency */ = {
			isa = PBXTargetDependency;
			target = 7D5ECAEE1585541713003A07 /* MopeliumCore */;
			targetProxy = 36E8D0F494034F92D8F14EA6 /* PBXContainerItemProxy */;
		};
		CE72FF81B2D91A1F37B59DCC /* PBXTargetDependency */ = {
			isa = PBXTargetDependency;
			target = E0777C7D1C82C321A91585DD /* MopeliumProviders */;
			targetProxy = 12A50D6B52422C92C12A8F10 /* PBXContainerItemProxy */;
		};
		FC267821CA79E677CDDBE5FB /* PBXTargetDependency */ = {
			isa = PBXTargetDependency;
			target = 03B386974DEEEC084EA4E298 /* MopeliumAgent */;
			targetProxy = 6F940BCC5CFB277F463C63DE /* PBXContainerItemProxy */;
		};
		FDD042CDD0A7494AD2D3B5DB /* PBXTargetDependency */ = {
			isa = PBXTargetDependency;
			target = 03B386974DEEEC084EA4E298 /* MopeliumAgent */;
			targetProxy = B6D03BAE01E6CE0835E23466 /* PBXContainerItemProxy */;
		};
/* End PBXTargetDependency section */

/* Begin XCBuildConfiguration section */
		07BCD9C792C9EC5C8D89FD5B /* Release */ = {
			isa = XCBuildConfiguration;
			buildSettings = {
				ALWAYS_SEARCH_USER_PATHS = NO;
				CLANG_ANALYZER_NONNULL = YES;
				CLANG_ANALYZER_NUMBER_OBJECT_CONVERSION = YES_AGGRESSIVE;
				CLANG_CXX_LANGUAGE_STANDARD = "gnu++14";
				CLANG_CXX_LIBRARY = "libc++";
				CLANG_ENABLE_MODULES = YES;
				CLANG_ENABLE_OBJC_ARC = YES;
				CLANG_ENABLE_OBJC_WEAK = YES;
				CLANG_WARN_BLOCK_CAPTURE_AUTORELEASING = YES;
				CLANG_WARN_BOOL_CONVERSION = YES;
				CLANG_WARN_COMMA = YES;
				CLANG_WARN_CONSTANT_CONVERSION = YES;
				CLANG_WARN_DEPRECATED_OBJC_IMPLEMENTATIONS = YES;
				CLANG_WARN_DIRECT_OBJC_ISA_USAGE = YES_ERROR;
				CLANG_WARN_DOCUMENTATION_COMMENTS = YES;
				CLANG_WARN_EMPTY_BODY = YES;
				CLANG_WARN_ENUM_CONVERSION = YES;
				CLANG_WARN_INFINITE_RECURSION = YES;
				CLANG_WARN_INT_CONVERSION = YES;
				CLANG_WARN_NON_LITERAL_NULL_CONVERSION = YES;
				CLANG_WARN_OBJC_IMPLICIT_RETAIN_SELF = YES;
				CLANG_WARN_OBJC_LITERAL_CONVERSION = YES;
				CLANG_WARN_OBJC_ROOT_CLASS = YES_ERROR;
				CLANG_WARN_QUOTED_INCLUDE_IN_FRAMEWORK_HEADER = YES;
				CLANG_WARN_RANGE_LOOP_ANALYSIS = YES;
				CLANG_WARN_STRICT_PROTOTYPES = YES;
				CLANG_WARN_SUSPICIOUS_MOVE = YES;
				CLANG_WARN_UNGUARDED_AVAILABILITY = YES_AGGRESSIVE;
				CLANG_WARN_UNREACHABLE_CODE = YES;
				CLANG_WARN__DUPLICATE_METHOD_MATCH = YES;
				CODE_SIGN_STYLE = Automatic;
				COPY_PHASE_STRIP = NO;
				DEBUG_INFORMATION_FORMAT = "dwarf-with-dsym";
				DEVELOPMENT_TEAM = "";
				ENABLE_NS_ASSERTIONS = NO;
				ENABLE_STRICT_OBJC_MSGSEND = YES;
				GCC_C_LANGUAGE_STANDARD = gnu11;
				GCC_NO_COMMON_BLOCKS = YES;
				GCC_WARN_64_TO_32_BIT_CONVERSION = YES;
				GCC_WARN_ABOUT_RETURN_TYPE = YES_ERROR;
				GCC_WARN_UNDECLARED_SELECTOR = YES;
				GCC_WARN_UNINITIALIZED_AUTOS = YES_AGGRESSIVE;
				GCC_WARN_UNUSED_FUNCTION = YES;
				GCC_WARN_UNUSED_VARIABLE = YES;
				MACOSX_DEPLOYMENT_TARGET = 13.0;
				MTL_ENABLE_DEBUG_INFO = NO;
				MTL_FAST_MATH = YES;
				PRODUCT_NAME = "$(TARGET_NAME)";
				SDKROOT = macosx;
				SWIFT_COMPILATION_MODE = wholemodule;
				SWIFT_OPTIMIZATION_LEVEL = "-O";
				SWIFT_VERSION = 5.9;
			};
			name = Release;
		};
		2AEB1B2F559794208B004E2F /* Debug */ = {
			isa = XCBuildConfiguration;
			buildSettings = {
				ASSETCATALOG_COMPILER_APPICON_NAME = AppIcon;
				COMBINE_HIDPI_IMAGES = YES;
				ENABLE_HARDENED_RUNTIME = YES;
				INFOPLIST_FILE = Apps/MopeliumMac/Info.plist;
				LD_RUNPATH_SEARCH_PATHS = (
					"$(inherited)",
					"@executable_path/../Frameworks",
				);
				PRODUCT_BUNDLE_IDENTIFIER = com.vita.MopeliumMac;
				SDKROOT = macosx;
			};
			name = Debug;
		};
		52C87C98AFAE0F452BA404BB /* Debug */ = {
			isa = XCBuildConfiguration;
			buildSettings = {
				CODE_SIGN_IDENTITY = "";
				COMBINE_HIDPI_IMAGES = YES;
				CURRENT_PROJECT_VERSION = 1;
				DEFINES_MODULE = YES;
				DYLIB_COMPATIBILITY_VERSION = 1;
				DYLIB_CURRENT_VERSION = 1;
				DYLIB_INSTALL_NAME_BASE = "@rpath";
				GENERATE_INFOPLIST_FILE = YES;
				INSTALL_PATH = "$(LOCAL_LIBRARY_DIR)/Frameworks";
				LD_RUNPATH_SEARCH_PATHS = (
					"$(inherited)",
					"@executable_path/../Frameworks",
				);
				PRODUCT_BUNDLE_IDENTIFIER = com.vita.MopeliumProviders;
				SDKROOT = macosx;
				SKIP_INSTALL = YES;
				VERSIONING_SYSTEM = "apple-generic";
			};
			name = Debug;
		};
		5B54CE1BF0B4E1894AAF95E1 /* Debug */ = {
			isa = XCBuildConfiguration;
			buildSettings = {
				CODE_SIGN_IDENTITY = "";
				COMBINE_HIDPI_IMAGES = YES;
				CURRENT_PROJECT_VERSION = 1;
				DEFINES_MODULE = YES;
				DYLIB_COMPATIBILITY_VERSION = 1;
				DYLIB_CURRENT_VERSION = 1;
				DYLIB_INSTALL_NAME_BASE = "@rpath";
				GENERATE_INFOPLIST_FILE = YES;
				INSTALL_PATH = "$(LOCAL_LIBRARY_DIR)/Frameworks";
				LD_RUNPATH_SEARCH_PATHS = (
					"$(inherited)",
					"@executable_path/../Frameworks",
				);
				PRODUCT_BUNDLE_IDENTIFIER = com.vita.MopeliumCore;
				SDKROOT = macosx;
				SKIP_INSTALL = YES;
				VERSIONING_SYSTEM = "apple-generic";
			};
			name = Debug;
		};
		7F128EC121D95538AE1CB3F2 /* Release */ = {
			isa = XCBuildConfiguration;
			buildSettings = {
				COMBINE_HIDPI_IMAGES = YES;
				LD_RUNPATH_SEARCH_PATHS = (
					"$(inherited)",
					"@executable_path/../Frameworks",
				);
				OTHER_SWIFT_FLAGS = "$(inherited) -parse-as-library";
				PRODUCT_BUNDLE_IDENTIFIER = com.vita.mopelium;
				SDKROOT = macosx;
			};
			name = Release;
		};
		A9497703BA8DF7B2DA1EBA54 /* Release */ = {
			isa = XCBuildConfiguration;
			buildSettings = {
				CODE_SIGN_IDENTITY = "";
				COMBINE_HIDPI_IMAGES = YES;
				CURRENT_PROJECT_VERSION = 1;
				DEFINES_MODULE = YES;
				DYLIB_COMPATIBILITY_VERSION = 1;
				DYLIB_CURRENT_VERSION = 1;
				DYLIB_INSTALL_NAME_BASE = "@rpath";
				GENERATE_INFOPLIST_FILE = YES;
				INSTALL_PATH = "$(LOCAL_LIBRARY_DIR)/Frameworks";
				LD_RUNPATH_SEARCH_PATHS = (
					"$(inherited)",
					"@executable_path/../Frameworks",
				);
				PRODUCT_BUNDLE_IDENTIFIER = com.vita.MopeliumTools;
				SDKROOT = macosx;
				SKIP_INSTALL = YES;
				VERSIONING_SYSTEM = "apple-generic";
			};
			name = Release;
		};
		A9DFA6D0037CADFD5B5A4621 /* Debug */ = {
			isa = XCBuildConfiguration;
			buildSettings = {
				CODE_SIGN_IDENTITY = "";
				COMBINE_HIDPI_IMAGES = YES;
				CURRENT_PROJECT_VERSION = 1;
				DEFINES_MODULE = YES;
				DYLIB_COMPATIBILITY_VERSION = 1;
				DYLIB_CURRENT_VERSION = 1;
				DYLIB_INSTALL_NAME_BASE = "@rpath";
				GENERATE_INFOPLIST_FILE = YES;
				INSTALL_PATH = "$(LOCAL_LIBRARY_DIR)/Frameworks";
				LD_RUNPATH_SEARCH_PATHS = (
					"$(inherited)",
					"@executable_path/../Frameworks",
				);
				PRODUCT_BUNDLE_IDENTIFIER = com.vita.MopeliumAgent;
				SDKROOT = macosx;
				SKIP_INSTALL = YES;
				VERSIONING_SYSTEM = "apple-generic";
			};
			name = Debug;
		};
		B0E91F965C4EF750A96D5B88 /* Debug */ = {
			isa = XCBuildConfiguration;
			buildSettings = {
				COMBINE_HIDPI_IMAGES = YES;
				LD_RUNPATH_SEARCH_PATHS = (
					"$(inherited)",
					"@executable_path/../Frameworks",
				);
				OTHER_SWIFT_FLAGS = "$(inherited) -parse-as-library";
				PRODUCT_BUNDLE_IDENTIFIER = com.vita.mopelium;
				SDKROOT = macosx;
			};
			name = Debug;
		};
		B7535E7CE76BBBEABE3BF923 /* Debug */ = {
			isa = XCBuildConfiguration;
			buildSettings = {
				CODE_SIGN_IDENTITY = "";
				COMBINE_HIDPI_IMAGES = YES;
				CURRENT_PROJECT_VERSION = 1;
				DEFINES_MODULE = YES;
				DYLIB_COMPATIBILITY_VERSION = 1;
				DYLIB_CURRENT_VERSION = 1;
				DYLIB_INSTALL_NAME_BASE = "@rpath";
				GENERATE_INFOPLIST_FILE = YES;
				INSTALL_PATH = "$(LOCAL_LIBRARY_DIR)/Frameworks";
				LD_RUNPATH_SEARCH_PATHS = (
					"$(inherited)",
					"@executable_path/../Frameworks",
				);
				PRODUCT_BUNDLE_IDENTIFIER = com.vita.MopeliumTools;
				SDKROOT = macosx;
				SKIP_INSTALL = YES;
				VERSIONING_SYSTEM = "apple-generic";
			};
			name = Debug;
		};
		BB96B53CFBA23E96D8711D05 /* Debug */ = {
			isa = XCBuildConfiguration;
			buildSettings = {
				ALWAYS_SEARCH_USER_PATHS = NO;
				CLANG_ANALYZER_NONNULL = YES;
				CLANG_ANALYZER_NUMBER_OBJECT_CONVERSION = YES_AGGRESSIVE;
				CLANG_CXX_LANGUAGE_STANDARD = "gnu++14";
				CLANG_CXX_LIBRARY = "libc++";
				CLANG_ENABLE_MODULES = YES;
				CLANG_ENABLE_OBJC_ARC = YES;
				CLANG_ENABLE_OBJC_WEAK = YES;
				CLANG_WARN_BLOCK_CAPTURE_AUTORELEASING = YES;
				CLANG_WARN_BOOL_CONVERSION = YES;
				CLANG_WARN_COMMA = YES;
				CLANG_WARN_CONSTANT_CONVERSION = YES;
				CLANG_WARN_DEPRECATED_OBJC_IMPLEMENTATIONS = YES;
				CLANG_WARN_DIRECT_OBJC_ISA_USAGE = YES_ERROR;
				CLANG_WARN_DOCUMENTATION_COMMENTS = YES;
				CLANG_WARN_EMPTY_BODY = YES;
				CLANG_WARN_ENUM_CONVERSION = YES;
				CLANG_WARN_INFINITE_RECURSION = YES;
				CLANG_WARN_INT_CONVERSION = YES;
				CLANG_WARN_NON_LITERAL_NULL_CONVERSION = YES;
				CLANG_WARN_OBJC_IMPLICIT_RETAIN_SELF = YES;
				CLANG_WARN_OBJC_LITERAL_CONVERSION = YES;
				CLANG_WARN_OBJC_ROOT_CLASS = YES_ERROR;
				CLANG_WARN_QUOTED_INCLUDE_IN_FRAMEWORK_HEADER = YES;
				CLANG_WARN_RANGE_LOOP_ANALYSIS = YES;
				CLANG_WARN_STRICT_PROTOTYPES = YES;
				CLANG_WARN_SUSPICIOUS_MOVE = YES;
				CLANG_WARN_UNGUARDED_AVAILABILITY = YES_AGGRESSIVE;
				CLANG_WARN_UNREACHABLE_CODE = YES;
				CLANG_WARN__DUPLICATE_METHOD_MATCH = YES;
				CODE_SIGN_STYLE = Automatic;
				COPY_PHASE_STRIP = NO;
				DEBUG_INFORMATION_FORMAT = dwarf;
				DEVELOPMENT_TEAM = "";
				ENABLE_STRICT_OBJC_MSGSEND = YES;
				ENABLE_TESTABILITY = YES;
				GCC_C_LANGUAGE_STANDARD = gnu11;
				GCC_DYNAMIC_NO_PIC = NO;
				GCC_NO_COMMON_BLOCKS = YES;
				GCC_OPTIMIZATION_LEVEL = 0;
				GCC_PREPROCESSOR_DEFINITIONS = (
					"$(inherited)",
					"DEBUG=1",
				);
				GCC_WARN_64_TO_32_BIT_CONVERSION = YES;
				GCC_WARN_ABOUT_RETURN_TYPE = YES_ERROR;
				GCC_WARN_UNDECLARED_SELECTOR = YES;
				GCC_WARN_UNINITIALIZED_AUTOS = YES_AGGRESSIVE;
				GCC_WARN_UNUSED_FUNCTION = YES;
				GCC_WARN_UNUSED_VARIABLE = YES;
				MACOSX_DEPLOYMENT_TARGET = 13.0;
				MTL_ENABLE_DEBUG_INFO = INCLUDE_SOURCE;
				MTL_FAST_MATH = YES;
				ONLY_ACTIVE_ARCH = YES;
				PRODUCT_NAME = "$(TARGET_NAME)";
				SDKROOT = macosx;
				SWIFT_ACTIVE_COMPILATION_CONDITIONS = DEBUG;
				SWIFT_OPTIMIZATION_LEVEL = "-Onone";
				SWIFT_VERSION = 5.9;
			};
			name = Debug;
		};
		C3AD893F00C558D8F737FD5D /* Release */ = {
			isa = XCBuildConfiguration;
			buildSettings = {
				CODE_SIGN_IDENTITY = "";
				COMBINE_HIDPI_IMAGES = YES;
				CURRENT_PROJECT_VERSION = 1;
				DEFINES_MODULE = YES;
				DYLIB_COMPATIBILITY_VERSION = 1;
				DYLIB_CURRENT_VERSION = 1;
				DYLIB_INSTALL_NAME_BASE = "@rpath";
				GENERATE_INFOPLIST_FILE = YES;
				INSTALL_PATH = "$(LOCAL_LIBRARY_DIR)/Frameworks";
				LD_RUNPATH_SEARCH_PATHS = (
					"$(inherited)",
					"@executable_path/../Frameworks",
				);
				PRODUCT_BUNDLE_IDENTIFIER = com.vita.MopeliumProviders;
				SDKROOT = macosx;
				SKIP_INSTALL = YES;
				VERSIONING_SYSTEM = "apple-generic";
			};
			name = Release;
		};
		CBA7BDA8F76FA1EBF9EE974E /* Release */ = {
			isa = XCBuildConfiguration;
			buildSettings = {
				ASSETCATALOG_COMPILER_APPICON_NAME = AppIcon;
				COMBINE_HIDPI_IMAGES = YES;
				ENABLE_HARDENED_RUNTIME = YES;
				INFOPLIST_FILE = Apps/MopeliumMac/Info.plist;
				LD_RUNPATH_SEARCH_PATHS = (
					"$(inherited)",
					"@executable_path/../Frameworks",
				);
				PRODUCT_BUNDLE_IDENTIFIER = com.vita.MopeliumMac;
				SDKROOT = macosx;
			};
			name = Release;
		};
		E00327ADBFC22999B78DA979 /* Release */ = {
			isa = XCBuildConfiguration;
			buildSettings = {
				CODE_SIGN_IDENTITY = "";
				COMBINE_HIDPI_IMAGES = YES;
				CURRENT_PROJECT_VERSION = 1;
				DEFINES_MODULE = YES;
				DYLIB_COMPATIBILITY_VERSION = 1;
				DYLIB_CURRENT_VERSION = 1;
				DYLIB_INSTALL_NAME_BASE = "@rpath";
				GENERATE_INFOPLIST_FILE = YES;
				INSTALL_PATH = "$(LOCAL_LIBRARY_DIR)/Frameworks";
				LD_RUNPATH_SEARCH_PATHS = (
					"$(inherited)",
					"@executable_path/../Frameworks",
				);
				PRODUCT_BUNDLE_IDENTIFIER = com.vita.MopeliumAgent;
				SDKROOT = macosx;
				SKIP_INSTALL = YES;
				VERSIONING_SYSTEM = "apple-generic";
			};
			name = Release;
		};
		F2A10C4D5DC0190F5B9ED5BB /* Release */ = {
			isa = XCBuildConfiguration;
			buildSettings = {
				CODE_SIGN_IDENTITY = "";
				COMBINE_HIDPI_IMAGES = YES;
				CURRENT_PROJECT_VERSION = 1;
				DEFINES_MODULE = YES;
				DYLIB_COMPATIBILITY_VERSION = 1;
				DYLIB_CURRENT_VERSION = 1;
				DYLIB_INSTALL_NAME_BASE = "@rpath";
				GENERATE_INFOPLIST_FILE = YES;
				INSTALL_PATH = "$(LOCAL_LIBRARY_DIR)/Frameworks";
				LD_RUNPATH_SEARCH_PATHS = (
					"$(inherited)",
					"@executable_path/../Frameworks",
				);
				PRODUCT_BUNDLE_IDENTIFIER = com.vita.MopeliumCore;
				SDKROOT = macosx;
				SKIP_INSTALL = YES;
				VERSIONING_SYSTEM = "apple-generic";
			};
			name = Release;
		};
/* End XCBuildConfiguration section */

/* Begin XCConfigurationList section */
		23519CDA3B90D660C2EA3448 /* Build configuration list for PBXNativeTarget "MopeliumProviders" */ = {
			isa = XCConfigurationList;
			buildConfigurations = (
				52C87C98AFAE0F452BA404BB /* Debug */,
				C3AD893F00C558D8F737FD5D /* Release */,
			);
			defaultConfigurationIsVisible = 0;
			defaultConfigurationName = Debug;
		};
		2C5FDFBFB17522754A052C51 /* Build configuration list for PBXNativeTarget "MopeliumMac" */ = {
			isa = XCConfigurationList;
			buildConfigurations = (
				2AEB1B2F559794208B004E2F /* Debug */,
				CBA7BDA8F76FA1EBF9EE974E /* Release */,
			);
			defaultConfigurationIsVisible = 0;
			defaultConfigurationName = Debug;
		};
		419F8B54A775AF912FF03DCA /* Build configuration list for PBXNativeTarget "MopeliumAgent" */ = {
			isa = XCConfigurationList;
			buildConfigurations = (
				A9DFA6D0037CADFD5B5A4621 /* Debug */,
				E00327ADBFC22999B78DA979 /* Release */,
			);
			defaultConfigurationIsVisible = 0;
			defaultConfigurationName = Debug;
		};
		5D7DA4ED04398B774794E728 /* Build configuration list for PBXProject "Mopelium" */ = {
			isa = XCConfigurationList;
			buildConfigurations = (
				BB96B53CFBA23E96D8711D05 /* Debug */,
				07BCD9C792C9EC5C8D89FD5B /* Release */,
			);
			defaultConfigurationIsVisible = 0;
			defaultConfigurationName = Debug;
		};
		89BE80E64CE7EFC8B69DF3CD /* Build configuration list for PBXNativeTarget "mopelium" */ = {
			isa = XCConfigurationList;
			buildConfigurations = (
				B0E91F965C4EF750A96D5B88 /* Debug */,
				7F128EC121D95538AE1CB3F2 /* Release */,
			);
			defaultConfigurationIsVisible = 0;
			defaultConfigurationName = Debug;
		};
		B9D8D76698BDF49B073AFD3B /* Build configuration list for PBXNativeTarget "MopeliumTools" */ = {
			isa = XCConfigurationList;
			buildConfigurations = (
				B7535E7CE76BBBEABE3BF923 /* Debug */,
				A9497703BA8DF7B2DA1EBA54 /* Release */,
			);
			defaultConfigurationIsVisible = 0;
			defaultConfigurationName = Debug;
		};
		C73FF6B9F60746E068135616 /* Build configuration list for PBXNativeTarget "MopeliumCore" */ = {
			isa = XCConfigurationList;
			buildConfigurations = (
				5B54CE1BF0B4E1894AAF95E1 /* Debug */,
				F2A10C4D5DC0190F5B9ED5BB /* Release */,
			);
			defaultConfigurationIsVisible = 0;
			defaultConfigurationName = Debug;
		};
/* End XCConfigurationList section */
	};
	rootObject = 9B25C0FD0AB46E6132DC036B /* Project object */;
}
